
Microsoft Visual Studio Solution File, Format Version 12.00
# Visual Studio Version 16
VisualStudioVersion = 16.0.30225.117
MinimumVisualStudioVersion = 10.0.40219.1
Project("{FAE04EC0-301F-11D3-BF4B-00C04F79EFBC}") = "AZ204Security", "AZ204Security\AZ204Security.csproj", "{D14E863F-71D9-40B9-AED9-35A8AE945B58}"
EndProject
Project("{9A19103F-16F7-4668-BE54-9A1E7A4F7556}") = "OAuth", "..\OAuth\OpenID\OAuth.csproj", "{CC5B0BA2-BACD-4A5B-BE9E-C6106D0ACC6E}"
EndProject
Project("{9A19103F-16F7-4668-BE54-9A1E7A4F7556}") = "OAuth API", "..\OAuth - API\OpenID\OAuth API.csproj", "{C19E2B34-9E65-46EF-9FA0-6CD41E0B6164}"
EndProject
Project("{FAE04EC0-301F-11D3-BF4B-00C04F79EFBC}") = "AzureADGroup", "..\AzureAD1\AzureAD1\AzureADGroup.csproj", "{56271D62-65A5-4690-96AD-EC82E90ECA8A}"
EndProject
Global
	GlobalSection(SolutionConfigurationPlatforms) = preSolution
		Debug|Any CPU = Debug|Any CPU
		Release|Any CPU = Release|Any CPU
	EndGlobalSection
	GlobalSection(ProjectConfigurationPlatforms) = postSolution
		{D14E863F-71D9-40B9-AED9-35A8AE945B58}.Debug|Any CPU.ActiveCfg = Debug|Any CPU
		{D14E863F-71D9-40B9-AED9-35A8AE945B58}.Debug|Any CPU.Build.0 = Debug|Any CPU
		{D14E863F-71D9-40B9-AED9-35A8AE945B58}.Release|Any CPU.ActiveCfg = Release|Any CPU
		{D14E863F-71D9-40B9-AED9-35A8AE945B58}.Release|Any CPU.Build.0 = Release|Any CPU
		{CC5B0BA2-BACD-4A5B-BE9E-C6106D0ACC6E}.Debug|Any CPU.ActiveCfg = Debug|Any CPU
		{CC5B0BA2-BACD-4A5B-BE9E-C6106D0ACC6E}.Debug|Any CPU.Build.0 = Debug|Any CPU
		{CC5B0BA2-BACD-4A5B-BE9E-C6106D0ACC6E}.Release|Any CPU.ActiveCfg = Release|Any CPU
		{CC5B0BA2-BACD-4A5B-BE9E-C6106D0ACC6E}.Release|Any CPU.Build.0 = Release|Any CPU
		{C19E2B34-9E65-46EF-9FA0-6CD41E0B6164}.Debug|Any CPU.ActiveCfg = Debug|Any CPU
		{C19E2B34-9E65-46EF-9FA0-6CD41E0B6164}.Debug|Any CPU.Build.0 = Debug|Any CPU
		{C19E2B34-9E65-46EF-9FA0-6CD41E0B6164}.Release|Any CPU.ActiveCfg = Release|Any CPU
		{C19E2B34-9E65-46EF-9FA0-6CD41E0B6164}.Release|Any CPU.Build.0 = Release|Any CPU
		{56271D62-65A5-4690-96AD-EC82E90ECA8A}.Debug|Any CPU.ActiveCfg = Debug|Any CPU
		{56271D62-65A5-4690-96AD-EC82E90ECA8A}.Debug|Any CPU.Build.0 = Debug|Any CPU
		{56271D62-65A5-4690-96AD-EC82E90ECA8A}.Release|Any CPU.ActiveCfg = Release|Any CPU
		{56271D62-65A5-4690-96AD-EC82E90ECA8A}.Release|Any CPU.Build.0 = Release|Any CPU
	EndGlobalSection
	GlobalSection(SolutionProperties) = preSolution
		HideSolutionNode = FALSE
	EndGlobalSection
	GlobalSection(ExtensibilityGlobals) = postSolution
		SolutionGuid = {23E45FF8-FD60-477E-99EA-117C64AE576F}
	EndGlobalSection
EndGlobal
