
Microsoft Visual Studio Solution File, Format Version 12.00
# Visual Studio Version 16
VisualStudioVersion = 16.0.30225.117
MinimumVisualStudioVersion = 10.0.40219.1
Project("{FAE04EC0-301F-11D3-BF4B-00C04F79EFBC}") = "ajaxpasslist", "ajaxpasslist.csproj", "{96A6835D-2CED-48DD-82A7-3C5607318A6C}"
EndProject
Global
	GlobalSection(SolutionConfigurationPlatforms) = preSolution
		Debug|Any CPU = Debug|Any CPU
		Release|Any CPU = Release|Any CPU
	EndGlobalSection
	GlobalSection(ProjectConfigurationPlatforms) = postSolution
		{96A6835D-2CED-48DD-82A7-3C5607318A6C}.Debug|Any CPU.ActiveCfg = Debug|Any CPU
		{96A6835D-2CED-48DD-82A7-3C5607318A6C}.Debug|Any CPU.Build.0 = Debug|Any CPU
		{96A6835D-2CED-48DD-82A7-3C5607318A6C}.Release|Any CPU.ActiveCfg = Release|Any CPU
		{96A6835D-2CED-48DD-82A7-3C5607318A6C}.Release|Any CPU.Build.0 = Release|Any CPU
	EndGlobalSection
	GlobalSection(SolutionProperties) = preSolution
		HideSolutionNode = FALSE
	EndGlobalSection
	GlobalSection(ExtensibilityGlobals) = postSolution
		SolutionGuid = {0BDC6DAB-AEE1-4545-AB70-F716CE64B9B6}
	EndGlobalSection
EndGlobal
