
Microsoft Visual Studio Solution File, Format Version 12.00
# Visual Studio Version 16
VisualStudioVersion = 16.0.30225.117
MinimumVisualStudioVersion = 10.0.40219.1
Project("{FAE04EC0-301F-11D3-BF4B-00C04F79EFBC}") = "FunctionApp2", "FunctionApp2.csproj", "{BCCE132B-D862-43FC-9E9C-52771BC7830A}"
EndProject
Global
	GlobalSection(SolutionConfigurationPlatforms) = preSolution
		Debug|Any CPU = Debug|Any CPU
		Release|Any CPU = Release|Any CPU
	EndGlobalSection
	GlobalSection(ProjectConfigurationPlatforms) = postSolution
		{BCCE132B-D862-43FC-9E9C-52771BC7830A}.Debug|Any CPU.ActiveCfg = Debug|Any CPU
		{BCCE132B-D862-43FC-9E9C-52771BC7830A}.Debug|Any CPU.Build.0 = Debug|Any CPU
		{BCCE132B-D862-43FC-9E9C-52771BC7830A}.Release|Any CPU.ActiveCfg = Release|Any CPU
		{BCCE132B-D862-43FC-9E9C-52771BC7830A}.Release|Any CPU.Build.0 = Release|Any CPU
	EndGlobalSection
	GlobalSection(SolutionProperties) = preSolution
		HideSolutionNode = FALSE
	EndGlobalSection
	GlobalSection(ExtensibilityGlobals) = postSolution
		SolutionGuid = {90F4EED1-054A-4642-9862-5FCA0F1DBE8D}
	EndGlobalSection
EndGlobal
