
Microsoft Visual Studio Solution File, Format Version 12.00
# Visual Studio Version 16
VisualStudioVersion = 16.0.31410.357
MinimumVisualStudioVersion = 10.0.40219.1
Project("{FAE04EC0-301F-11D3-BF4B-00C04F79EFBC}") = "EventHubSender", "EventHubSender\EventHubSender.csproj", "{267C3BC4-2781-437B-906B-49B183714BBB}"
EndProject
Project("{FAE04EC0-301F-11D3-BF4B-00C04F79EFBC}") = "EventHubReceiver", "..\EventHubReceiver\EventHubReceiver.csproj", "{5AB66AC1-916C-4153-8931-6AA1F7EF1EF3}"
EndProject
Global
	GlobalSection(SolutionConfigurationPlatforms) = preSolution
		Debug|Any CPU = Debug|Any CPU
		Release|Any CPU = Release|Any CPU
	EndGlobalSection
	GlobalSection(ProjectConfigurationPlatforms) = postSolution
		{267C3BC4-2781-437B-906B-49B183714BBB}.Debug|Any CPU.ActiveCfg = Debug|Any CPU
		{267C3BC4-2781-437B-906B-49B183714BBB}.Debug|Any CPU.Build.0 = Debug|Any CPU
		{267C3BC4-2781-437B-906B-49B183714BBB}.Release|Any CPU.ActiveCfg = Release|Any CPU
		{267C3BC4-2781-437B-906B-49B183714BBB}.Release|Any CPU.Build.0 = Release|Any CPU
		{5AB66AC1-916C-4153-8931-6AA1F7EF1EF3}.Debug|Any CPU.ActiveCfg = Debug|Any CPU
		{5AB66AC1-916C-4153-8931-6AA1F7EF1EF3}.Debug|Any CPU.Build.0 = Debug|Any CPU
		{5AB66AC1-916C-4153-8931-6AA1F7EF1EF3}.Release|Any CPU.ActiveCfg = Release|Any CPU
		{5AB66AC1-916C-4153-8931-6AA1F7EF1EF3}.Release|Any CPU.Build.0 = Release|Any CPU
	EndGlobalSection
	GlobalSection(SolutionProperties) = preSolution
		HideSolutionNode = FALSE
	EndGlobalSection
	GlobalSection(ExtensibilityGlobals) = postSolution
		SolutionGuid = {BF260AD9-3B92-4308-8FF5-39457D983CCE}
	EndGlobalSection
EndGlobal
